
Microsoft Visual Studio Solution File, Format Version 12.00
# Visual Studio Version 17
Project("{8BC9CEB8-8B4A-11D0-8D11-00A0C91BC942}") = "ALL_BUILD", "ALL_BUILD.vcxproj", "{3F124BF9-9E60-368A-8158-E9C932E94E2E}"
	ProjectSection(ProjectDependencies) = postProject
		{066B06BA-A3FC-3362-B494-B7B25F2D9782} = {066B06BA-A3FC-3362-B494-B7B25F2D9782}
		{BA8251CE-070B-3A1C-A69A-7DBD045BE35C} = {BA8251CE-070B-3A1C-A69A-7DBD045BE35C}
	EndProjectSection
EndProject
Project("{8BC9CEB8-8B4A-11D0-8D11-00A0C91BC942}") = "INSTALL", "INSTALL.vcxproj", "{DCE94A36-AF4A-3FE0-BA91-55393E0C1263}"
	ProjectSection(ProjectDependencies) = postProject
		{3F124BF9-9E60-368A-8158-E9C932E94E2E} = {3F124BF9-9E60-368A-8158-E9C932E94E2E}
		{066B06BA-A3FC-3362-B494-B7B25F2D9782} = {066B06BA-A3FC-3362-B494-B7B25F2D9782}
	EndProjectSection
EndProject
Project("{8BC9CEB8-8B4A-11D0-8D11-00A0C91BC942}") = "ZERO_CHECK", "..\..\\ZERO_CHECK.vcxproj", "{066B06BA-A3FC-3362-B494-B7B25F2D9782}"
	ProjectSection(ProjectDependencies) = postProject
	EndProjectSection
EndProject
Project("{8BC9CEB8-8B4A-11D0-8D11-00A0C91BC942}") = "zlibstatic", "zlibstatic.vcxproj", "{BA8251CE-070B-3A1C-A69A-7DBD045BE35C}"
	ProjectSection(ProjectDependencies) = postProject
		{066B06BA-A3FC-3362-B494-B7B25F2D9782} = {066B06BA-A3FC-3362-B494-B7B25F2D9782}
	EndProjectSection
EndProject
Global
	GlobalSection(SolutionConfigurationPlatforms) = preSolution
		Debug|WIN32 = Debug|WIN32
		Release|WIN32 = Release|WIN32
		MinSizeRel|WIN32 = MinSizeRel|WIN32
		RelWithDebInfo|WIN32 = RelWithDebInfo|WIN32
	EndGlobalSection
	GlobalSection(ProjectConfigurationPlatforms) = postSolution
		{3F124BF9-9E60-368A-8158-E9C932E94E2E}.Debug|WIN32.ActiveCfg = Debug|WIN32
		{3F124BF9-9E60-368A-8158-E9C932E94E2E}.Debug|WIN32.Build.0 = Debug|WIN32
		{3F124BF9-9E60-368A-8158-E9C932E94E2E}.Release|WIN32.ActiveCfg = Release|WIN32
		{3F124BF9-9E60-368A-8158-E9C932E94E2E}.Release|WIN32.Build.0 = Release|WIN32
		{3F124BF9-9E60-368A-8158-E9C932E94E2E}.MinSizeRel|WIN32.ActiveCfg = MinSizeRel|WIN32
		{3F124BF9-9E60-368A-8158-E9C932E94E2E}.MinSizeRel|WIN32.Build.0 = MinSizeRel|WIN32
		{3F124BF9-9E60-368A-8158-E9C932E94E2E}.RelWithDebInfo|WIN32.ActiveCfg = RelWithDebInfo|WIN32
		{3F124BF9-9E60-368A-8158-E9C932E94E2E}.RelWithDebInfo|WIN32.Build.0 = RelWithDebInfo|WIN32
		{DCE94A36-AF4A-3FE0-BA91-55393E0C1263}.Debug|WIN32.ActiveCfg = Debug|WIN32
		{DCE94A36-AF4A-3FE0-BA91-55393E0C1263}.Release|WIN32.ActiveCfg = Release|WIN32
		{DCE94A36-AF4A-3FE0-BA91-55393E0C1263}.MinSizeRel|WIN32.ActiveCfg = MinSizeRel|WIN32
		{DCE94A36-AF4A-3FE0-BA91-55393E0C1263}.RelWithDebInfo|WIN32.ActiveCfg = RelWithDebInfo|WIN32
		{066B06BA-A3FC-3362-B494-B7B25F2D9782}.Debug|WIN32.ActiveCfg = Debug|WIN32
		{066B06BA-A3FC-3362-B494-B7B25F2D9782}.Debug|WIN32.Build.0 = Debug|WIN32
		{066B06BA-A3FC-3362-B494-B7B25F2D9782}.Release|WIN32.ActiveCfg = Release|WIN32
		{066B06BA-A3FC-3362-B494-B7B25F2D9782}.Release|WIN32.Build.0 = Release|WIN32
		{066B06BA-A3FC-3362-B494-B7B25F2D9782}.MinSizeRel|WIN32.ActiveCfg = MinSizeRel|WIN32
		{066B06BA-A3FC-3362-B494-B7B25F2D9782}.MinSizeRel|WIN32.Build.0 = MinSizeRel|WIN32
		{066B06BA-A3FC-3362-B494-B7B25F2D9782}.RelWithDebInfo|WIN32.ActiveCfg = RelWithDebInfo|WIN32
		{066B06BA-A3FC-3362-B494-B7B25F2D9782}.RelWithDebInfo|WIN32.Build.0 = RelWithDebInfo|WIN32
		{BA8251CE-070B-3A1C-A69A-7DBD045BE35C}.Debug|WIN32.ActiveCfg = Debug|WIN32
		{BA8251CE-070B-3A1C-A69A-7DBD045BE35C}.Debug|WIN32.Build.0 = Debug|WIN32
		{BA8251CE-070B-3A1C-A69A-7DBD045BE35C}.Release|WIN32.ActiveCfg = Release|WIN32
		{BA8251CE-070B-3A1C-A69A-7DBD045BE35C}.Release|WIN32.Build.0 = Release|WIN32
		{BA8251CE-070B-3A1C-A69A-7DBD045BE35C}.MinSizeRel|WIN32.ActiveCfg = MinSizeRel|WIN32
		{BA8251CE-070B-3A1C-A69A-7DBD045BE35C}.MinSizeRel|WIN32.Build.0 = MinSizeRel|WIN32
		{BA8251CE-070B-3A1C-A69A-7DBD045BE35C}.RelWithDebInfo|WIN32.ActiveCfg = RelWithDebInfo|WIN32
		{BA8251CE-070B-3A1C-A69A-7DBD045BE35C}.RelWithDebInfo|WIN32.Build.0 = RelWithDebInfo|WIN32
	EndGlobalSection
	GlobalSection(ExtensibilityGlobals) = postSolution
		SolutionGuid = {6998FBE8-B5A8-32C4-80C9-663FE997D5EF}
	EndGlobalSection
	GlobalSection(ExtensibilityAddIns) = postSolution
	EndGlobalSection
EndGlobal
