
Microsoft Visual Studio Solution File, Format Version 12.00
# Visual Studio Version 17
VisualStudioVersion = 17.12.35527.113
MinimumVisualStudioVersion = 10.0.40219.1
Project("{8BC9CEB8-8B4A-11D0-8D11-00A0C91BC942}") = "UnitTest", "UnitTest\UnitTest.vcxproj", "{0688B656-22DE-41DD-AAB9-301CEB139698}"
	ProjectSection(ProjectDependencies) = postProject
		{F29B0BFF-EAFC-4DCF-AC3A-FB51E8D09B8C} = {F29B0BFF-EAFC-4DCF-AC3A-FB51E8D09B8C}
	EndProjectSection
EndProject
Project("{8BC9CEB8-8B4A-11D0-8D11-00A0C91BC942}") = "Framework", "Framework\Framework.vcxproj", "{F29B0BFF-EAFC-4DCF-AC3A-FB51E8D09B8C}"
EndProject
Project("{2150E333-8FDC-42A3-9474-1A3956D46DE8}") = "_Shaders", "_Shaders", "{8FB665DC-68B4-4A7E-A2FB-ECC93ABCD504}"
	ProjectSection(SolutionItems) = preProject
		..\_Shaders\04_Line.fx = ..\_Shaders\04_Line.fx
		..\_Shaders\04_Line2.fx = ..\_Shaders\04_Line2.fx
		..\_Shaders\04_Line_Circle.fx = ..\_Shaders\04_Line_Circle.fx
		..\_Shaders\05_Triangle_List.fx = ..\_Shaders\05_Triangle_List.fx
		..\_Shaders\06_Rectangle.fx = ..\_Shaders\06_Rectangle.fx
		..\_Shaders\09_World.fx = ..\_Shaders\09_World.fx
		..\_Shaders\09_World2.fx = ..\_Shaders\09_World2.fx
		..\_Shaders\11_Grid.fx = ..\_Shaders\11_Grid.fx
		..\_Shaders\12_Texture.fx = ..\_Shaders\12_Texture.fx
		..\_Shaders\13_Texture02.fx = ..\_Shaders\13_Texture02.fx
		..\_Shaders\14_TextureAddress.fx = ..\_Shaders\14_TextureAddress.fx
		..\_Shaders\15_ColorBlending.fx = ..\_Shaders\15_ColorBlending.fx
		..\_Shaders\16_TextureLayering.fx = ..\_Shaders\16_TextureLayering.fx
		..\_Shaders\17_TerrainNormal.fx = ..\_Shaders\17_TerrainNormal.fx
		..\_Shaders\18_TerrainNormalVector.fx = ..\_Shaders\18_TerrainNormalVector.fx
	EndProjectSection
EndProject
Project("{8BC9CEB8-8B4A-11D0-8D11-00A0C91BC942}") = "IMGUI", "..\IMGUI\IMGUI.vcxproj", "{9DB376E8-8925-4BCA-911F-24D41D295F2B}"
EndProject
Global
	GlobalSection(SolutionConfigurationPlatforms) = preSolution
		Debug|x64 = Debug|x64
		Debug|x86 = Debug|x86
		Release|x64 = Release|x64
		Release|x86 = Release|x86
	EndGlobalSection
	GlobalSection(ProjectConfigurationPlatforms) = postSolution
		{0688B656-22DE-41DD-AAB9-301CEB139698}.Debug|x64.ActiveCfg = Debug|x64
		{0688B656-22DE-41DD-AAB9-301CEB139698}.Debug|x64.Build.0 = Debug|x64
		{0688B656-22DE-41DD-AAB9-301CEB139698}.Debug|x86.ActiveCfg = Debug|Win32
		{0688B656-22DE-41DD-AAB9-301CEB139698}.Debug|x86.Build.0 = Debug|Win32
		{0688B656-22DE-41DD-AAB9-301CEB139698}.Release|x64.ActiveCfg = Release|x64
		{0688B656-22DE-41DD-AAB9-301CEB139698}.Release|x64.Build.0 = Release|x64
		{0688B656-22DE-41DD-AAB9-301CEB139698}.Release|x86.ActiveCfg = Release|Win32
		{0688B656-22DE-41DD-AAB9-301CEB139698}.Release|x86.Build.0 = Release|Win32
		{F29B0BFF-EAFC-4DCF-AC3A-FB51E8D09B8C}.Debug|x64.ActiveCfg = Debug|x64
		{F29B0BFF-EAFC-4DCF-AC3A-FB51E8D09B8C}.Debug|x64.Build.0 = Debug|x64
		{F29B0BFF-EAFC-4DCF-AC3A-FB51E8D09B8C}.Debug|x86.ActiveCfg = Debug|Win32
		{F29B0BFF-EAFC-4DCF-AC3A-FB51E8D09B8C}.Debug|x86.Build.0 = Debug|Win32
		{F29B0BFF-EAFC-4DCF-AC3A-FB51E8D09B8C}.Release|x64.ActiveCfg = Release|x64
		{F29B0BFF-EAFC-4DCF-AC3A-FB51E8D09B8C}.Release|x64.Build.0 = Release|x64
		{F29B0BFF-EAFC-4DCF-AC3A-FB51E8D09B8C}.Release|x86.ActiveCfg = Release|Win32
		{F29B0BFF-EAFC-4DCF-AC3A-FB51E8D09B8C}.Release|x86.Build.0 = Release|Win32
		{9DB376E8-8925-4BCA-911F-24D41D295F2B}.Debug|x64.ActiveCfg = Debug|x64
		{9DB376E8-8925-4BCA-911F-24D41D295F2B}.Debug|x64.Build.0 = Debug|x64
		{9DB376E8-8925-4BCA-911F-24D41D295F2B}.Debug|x86.ActiveCfg = Debug|Win32
		{9DB376E8-8925-4BCA-911F-24D41D295F2B}.Debug|x86.Build.0 = Debug|Win32
		{9DB376E8-8925-4BCA-911F-24D41D295F2B}.Release|x64.ActiveCfg = Release|x64
		{9DB376E8-8925-4BCA-911F-24D41D295F2B}.Release|x64.Build.0 = Release|x64
		{9DB376E8-8925-4BCA-911F-24D41D295F2B}.Release|x86.ActiveCfg = Release|Win32
		{9DB376E8-8925-4BCA-911F-24D41D295F2B}.Release|x86.Build.0 = Release|Win32
	EndGlobalSection
	GlobalSection(SolutionProperties) = preSolution
		HideSolutionNode = FALSE
	EndGlobalSection
EndGlobal
